
Microsoft Visual Studio Solution File, Format Version 12.00
# Visual Studio Version 17
VisualStudioVersion = 17.13.35931.197
MinimumVisualStudioVersion = 10.0.40219.1
Project("{FAE04EC0-301F-11D3-BF4B-00C04F79EFBC}") = "Ex01_01", "Ex01_01\Ex01_01.csproj", "{C546B07D-D57A-4200-8510-D761FF229DB5}"
EndProject
Project("{FAE04EC0-301F-11D3-BF4B-00C04F79EFBC}") = "Ex01_02", "Ex01_02\Ex01_02.csproj", "{662542AC-5A17-4FB5-A7F5-C52496360EB5}"
EndProject
Project("{FAE04EC0-301F-11D3-BF4B-00C04F79EFBC}") = "Ex01_04", "Ex01_04\Ex01_04.csproj", "{1A66EF47-479E-42AC-A5DF-C69F33752DA3}"
EndProject
Project("{FAE04EC0-301F-11D3-BF4B-00C04F79EFBC}") = "Ex01_03", "Ex01_03\Ex01_03.csproj", "{18012389-F7E8-47D2-8543-D018EBE4F65D}"
EndProject
Project("{FAE04EC0-301F-11D3-BF4B-00C04F79EFBC}") = "Ex01_05", "Ex01_05\Ex01_05.csproj", "{2A6759E2-0878-4128-977A-DD96740D922B}"
EndProject
Global
	GlobalSection(SolutionConfigurationPlatforms) = preSolution
		Debug|Any CPU = Debug|Any CPU
		Release|Any CPU = Release|Any CPU
	EndGlobalSection
	GlobalSection(ProjectConfigurationPlatforms) = postSolution
		{C546B07D-D57A-4200-8510-D761FF229DB5}.Debug|Any CPU.ActiveCfg = Debug|Any CPU
		{C546B07D-D57A-4200-8510-D761FF229DB5}.Debug|Any CPU.Build.0 = Debug|Any CPU
		{C546B07D-D57A-4200-8510-D761FF229DB5}.Release|Any CPU.ActiveCfg = Release|Any CPU
		{C546B07D-D57A-4200-8510-D761FF229DB5}.Release|Any CPU.Build.0 = Release|Any CPU
		{662542AC-5A17-4FB5-A7F5-C52496360EB5}.Debug|Any CPU.ActiveCfg = Debug|Any CPU
		{662542AC-5A17-4FB5-A7F5-C52496360EB5}.Debug|Any CPU.Build.0 = Debug|Any CPU
		{662542AC-5A17-4FB5-A7F5-C52496360EB5}.Release|Any CPU.ActiveCfg = Release|Any CPU
		{662542AC-5A17-4FB5-A7F5-C52496360EB5}.Release|Any CPU.Build.0 = Release|Any CPU
		{1A66EF47-479E-42AC-A5DF-C69F33752DA3}.Debug|Any CPU.ActiveCfg = Debug|Any CPU
		{1A66EF47-479E-42AC-A5DF-C69F33752DA3}.Debug|Any CPU.Build.0 = Debug|Any CPU
		{1A66EF47-479E-42AC-A5DF-C69F33752DA3}.Release|Any CPU.ActiveCfg = Release|Any CPU
		{1A66EF47-479E-42AC-A5DF-C69F33752DA3}.Release|Any CPU.Build.0 = Release|Any CPU
		{18012389-F7E8-47D2-8543-D018EBE4F65D}.Debug|Any CPU.ActiveCfg = Debug|Any CPU
		{18012389-F7E8-47D2-8543-D018EBE4F65D}.Debug|Any CPU.Build.0 = Debug|Any CPU
		{18012389-F7E8-47D2-8543-D018EBE4F65D}.Release|Any CPU.ActiveCfg = Release|Any CPU
		{18012389-F7E8-47D2-8543-D018EBE4F65D}.Release|Any CPU.Build.0 = Release|Any CPU
		{2A6759E2-0878-4128-977A-DD96740D922B}.Debug|Any CPU.ActiveCfg = Debug|Any CPU
		{2A6759E2-0878-4128-977A-DD96740D922B}.Debug|Any CPU.Build.0 = Debug|Any CPU
		{2A6759E2-0878-4128-977A-DD96740D922B}.Release|Any CPU.ActiveCfg = Release|Any CPU
		{2A6759E2-0878-4128-977A-DD96740D922B}.Release|Any CPU.Build.0 = Release|Any CPU
	EndGlobalSection
	GlobalSection(SolutionProperties) = preSolution
		HideSolutionNode = FALSE
	EndGlobalSection
	GlobalSection(ExtensibilityGlobals) = postSolution
		SolutionGuid = {87BBADAA-7B49-4627-BF93-14A44ABDE7B3}
	EndGlobalSection
EndGlobal
